Microsoft Visual Studio Solution File, Format Version 11.00
# Visual Studio 2008

Project("{EFF05D8E-7009-EC0D-56CA-5BDFFCD92249}") = "Tank3D-v2", "Assembly-CSharp-firstpass.csproj", "{B032C6D0-CAF6-6C58-177C-AF3DE87DD40C}"
EndProject
Project("{EFF05D8E-7009-EC0D-56CA-5BDFFCD92249}") = "Tank3D-v2", "Assembly-CSharp.csproj", "{E0FCAA03-B8F3-9DBC-A29C-A9AE567F5864}"
EndProject
Project("{EFF05D8E-7009-EC0D-56CA-5BDFFCD92249}") = "Tank3D-v2", "Assembly-CSharp-Editor.csproj", "{CE5202C6-BCB8-6836-A8BE-F84F0FB5F7A1}"
EndProject
Global
	GlobalSection(SolutionConfigurationPlatforms) = preSolution
		Debug|Any CPU = Debug|Any CPU
		Release|Any CPU = Release|Any CPU
	EndGlobalSection
	GlobalSection(ProjectConfigurationPlatforms) = postSolution
		{B032C6D0-CAF6-6C58-177C-AF3DE87DD40C}.Debug|Any CPU.ActiveCfg = Debug|Any CPU
		{B032C6D0-CAF6-6C58-177C-AF3DE87DD40C}.Debug|Any CPU.Build.0 = Debug|Any CPU
		{B032C6D0-CAF6-6C58-177C-AF3DE87DD40C}.Release|Any CPU.ActiveCfg = Release|Any CPU
		{B032C6D0-CAF6-6C58-177C-AF3DE87DD40C}.Release|Any CPU.Build.0 = Release|Any CPU
		{E0FCAA03-B8F3-9DBC-A29C-A9AE567F5864}.Debug|Any CPU.ActiveCfg = Debug|Any CPU
		{E0FCAA03-B8F3-9DBC-A29C-A9AE567F5864}.Debug|Any CPU.Build.0 = Debug|Any CPU
		{E0FCAA03-B8F3-9DBC-A29C-A9AE567F5864}.Release|Any CPU.ActiveCfg = Release|Any CPU
		{E0FCAA03-B8F3-9DBC-A29C-A9AE567F5864}.Release|Any CPU.Build.0 = Release|Any CPU
		{CE5202C6-BCB8-6836-A8BE-F84F0FB5F7A1}.Debug|Any CPU.ActiveCfg = Debug|Any CPU
		{CE5202C6-BCB8-6836-A8BE-F84F0FB5F7A1}.Debug|Any CPU.Build.0 = Debug|Any CPU
		{CE5202C6-BCB8-6836-A8BE-F84F0FB5F7A1}.Release|Any CPU.ActiveCfg = Release|Any CPU
		{CE5202C6-BCB8-6836-A8BE-F84F0FB5F7A1}.Release|Any CPU.Build.0 = Release|Any CPU
	EndGlobalSection
	GlobalSection(SolutionProperties) = preSolution
		HideSolutionNode = FALSE
	EndGlobalSection
	GlobalSection(MonoDevelopProperties) = preSolution
		StartupItem = Assembly-CSharp.csproj
	EndGlobalSection
EndGlobal
